{
  "name": "textlint-rule-preset-japanese-elementary-school",
  "version": "1.0.0",
  "lockfileVersion": 3,
  "requires": true,
  "packages": {
    "": {
      "name": "textlint-rule-preset-japanese-elementary-school",
      "version": "1.0.0",
      "license": "MIT",
      "workspaces": [
        "packages/*"
      ]
    },
    "node_modules/@tsconfig/recommended": {
      "version": "1.0.8",
      "resolved": "https://registry.npmjs.org/@tsconfig/recommended/-/recommended-1.0.8.tgz",
      "integrity": "sha512-TotjFaaXveVUdsrXCdalyF6E5RyG6+7hHHQVZonQtdlk1rJZ1myDIvPUUKPhoYv+JAzThb2lQJh9+9ZfF46hsA==",
      "dev": true,
      "license": "MIT"
    },
    "node_modules/textlint-rule-japanese-elementary-school-kanji": {
      "resolved": "packages/textlint-rule-japanese-elementary-school-kanji",
      "link": true
    },
    "node_modules/typescript": {
      "version": "5.8.3",
      "resolved": "https://registry.npmjs.org/typescript/-/typescript-5.8.3.tgz",
      "integrity": "sha512-p1diW6TqL9L07nNxvRMM7hMMw4c5XOo/1ibL4aAIGmSAt9slTE1Xgw5KWuof2uTOvCg9BY7ZRi+GaF+7sfgPeQ==",
      "dev": true,
      "license": "Apache-2.0",
      "bin": {
        "tsc": "bin/tsc",
        "tsserver": "bin/tsserver"
      },
      "engines": {
        "node": ">=14.17"
      }
    },
    "packages/textlint-rule-japanese-elementary-school-kanji": {
      "version": "1.0.0",
      "license": "MIT",
      "devDependencies": {
        "@tsconfig/recommended": "^1.0.8",
        "typescript": "^5.8.3"
      }
    }
  }
}
